
Microsoft Visual Studio Solution File, Format Version 12.00
# Visual Studio Version 16
VisualStudioVersion = 16.0.31321.278
MinimumVisualStudioVersion = 10.0.40219.1
Project("{FAE04EC0-301F-11D3-BF4B-00C04F79EFBC}") = "Zadatak01", "Zadatak01\Zadatak01.csproj", "{01B0366F-83C9-4792-9074-C6A72C71CA03}"
EndProject
Project("{FAE04EC0-301F-11D3-BF4B-00C04F79EFBC}") = "Zadatak02", "Zadatak02\Zadatak02.csproj", "{F8DC84EF-34F6-4C92-866E-0F1E26B641D1}"
EndProject
Global
	GlobalSection(SolutionConfigurationPlatforms) = preSolution
		Debug|Any CPU = Debug|Any CPU
		Release|Any CPU = Release|Any CPU
	EndGlobalSection
	GlobalSection(ProjectConfigurationPlatforms) = postSolution
		{01B0366F-83C9-4792-9074-C6A72C71CA03}.Debug|Any CPU.ActiveCfg = Debug|Any CPU
		{01B0366F-83C9-4792-9074-C6A72C71CA03}.Debug|Any CPU.Build.0 = Debug|Any CPU
		{01B0366F-83C9-4792-9074-C6A72C71CA03}.Release|Any CPU.ActiveCfg = Release|Any CPU
		{01B0366F-83C9-4792-9074-C6A72C71CA03}.Release|Any CPU.Build.0 = Release|Any CPU
		{F8DC84EF-34F6-4C92-866E-0F1E26B641D1}.Debug|Any CPU.ActiveCfg = Debug|Any CPU
		{F8DC84EF-34F6-4C92-866E-0F1E26B641D1}.Debug|Any CPU.Build.0 = Debug|Any CPU
		{F8DC84EF-34F6-4C92-866E-0F1E26B641D1}.Release|Any CPU.ActiveCfg = Release|Any CPU
		{F8DC84EF-34F6-4C92-866E-0F1E26B641D1}.Release|Any CPU.Build.0 = Release|Any CPU
	EndGlobalSection
	GlobalSection(SolutionProperties) = preSolution
		HideSolutionNode = FALSE
	EndGlobalSection
	GlobalSection(ExtensibilityGlobals) = postSolution
		SolutionGuid = {47477AAD-87B2-4DFD-A249-F79D74C0CD71}
	EndGlobalSection
EndGlobal
