
Microsoft Visual Studio Solution File, Format Version 12.00
# Visual Studio Version 16
VisualStudioVersion = 16.0.31321.278
MinimumVisualStudioVersion = 10.0.40219.1
Project("{FAE04EC0-301F-11D3-BF4B-00C04F79EFBC}") = "Zadatak01", "Zadatak01\Zadatak01.csproj", "{00A84E94-489E-4CA4-8B5D-404C26C35B44}"
EndProject
Global
	GlobalSection(SolutionConfigurationPlatforms) = preSolution
		Debug|Any CPU = Debug|Any CPU
		Release|Any CPU = Release|Any CPU
	EndGlobalSection
	GlobalSection(ProjectConfigurationPlatforms) = postSolution
		{00A84E94-489E-4CA4-8B5D-404C26C35B44}.Debug|Any CPU.ActiveCfg = Debug|Any CPU
		{00A84E94-489E-4CA4-8B5D-404C26C35B44}.Debug|Any CPU.Build.0 = Debug|Any CPU
		{00A84E94-489E-4CA4-8B5D-404C26C35B44}.Release|Any CPU.ActiveCfg = Release|Any CPU
		{00A84E94-489E-4CA4-8B5D-404C26C35B44}.Release|Any CPU.Build.0 = Release|Any CPU
	EndGlobalSection
	GlobalSection(SolutionProperties) = preSolution
		HideSolutionNode = FALSE
	EndGlobalSection
	GlobalSection(ExtensibilityGlobals) = postSolution
		SolutionGuid = {6D93AA0C-BB0B-4BF0-A056-28EE2FF52024}
	EndGlobalSection
EndGlobal
